
Microsoft Visual Studio Solution File, Format Version 12.00
# Visual Studio 15
VisualStudioVersion = 15.0.28307.539
MinimumVisualStudioVersion = 10.0.40219.1
Project("{FAE04EC0-301F-11D3-BF4B-00C04F79EFBC}") = "lesson3", "lesson3.csproj", "{23DFE42D-77FC-49E3-A236-B423B66062A7}"
EndProject
Global
	GlobalSection(SolutionConfigurationPlatforms) = preSolution
		Debug|Any CPU = Debug|Any CPU
		Release|Any CPU = Release|Any CPU
	EndGlobalSection
	GlobalSection(ProjectConfigurationPlatforms) = postSolution
		{23DFE42D-77FC-49E3-A236-B423B66062A7}.Debug|Any CPU.ActiveCfg = Debug|Any CPU
		{23DFE42D-77FC-49E3-A236-B423B66062A7}.Debug|Any CPU.Build.0 = Debug|Any CPU
		{23DFE42D-77FC-49E3-A236-B423B66062A7}.Release|Any CPU.ActiveCfg = Release|Any CPU
		{23DFE42D-77FC-49E3-A236-B423B66062A7}.Release|Any CPU.Build.0 = Release|Any CPU
	EndGlobalSection
	GlobalSection(SolutionProperties) = preSolution
		HideSolutionNode = FALSE
	EndGlobalSection
	GlobalSection(ExtensibilityGlobals) = postSolution
		SolutionGuid = {236C3FF0-100D-4CC4-A3F9-C2329037FD1E}
	EndGlobalSection
EndGlobal
